
Microsoft Visual Studio Solution File, Format Version 12.00
# Visual Studio Version 16
VisualStudioVersion = 16.0.31402.337
MinimumVisualStudioVersion = 10.0.40219.1
Project("{FAE04EC0-301F-11D3-BF4B-00C04F79EFBC}") = "WebNongSan", "WebNongSan.csproj", "{7D069A2C-7F2B-4FE4-B4D0-155E5787E8DC}"
EndProject
Global
	GlobalSection(SolutionConfigurationPlatforms) = preSolution
		Debug|Any CPU = Debug|Any CPU
		Release|Any CPU = Release|Any CPU
	EndGlobalSection
	GlobalSection(ProjectConfigurationPlatforms) = postSolution
		{7D069A2C-7F2B-4FE4-B4D0-155E5787E8DC}.Debug|Any CPU.ActiveCfg = Debug|Any CPU
		{7D069A2C-7F2B-4FE4-B4D0-155E5787E8DC}.Debug|Any CPU.Build.0 = Debug|Any CPU
		{7D069A2C-7F2B-4FE4-B4D0-155E5787E8DC}.Release|Any CPU.ActiveCfg = Release|Any CPU
		{7D069A2C-7F2B-4FE4-B4D0-155E5787E8DC}.Release|Any CPU.Build.0 = Release|Any CPU
	EndGlobalSection
	GlobalSection(SolutionProperties) = preSolution
		HideSolutionNode = FALSE
	EndGlobalSection
	GlobalSection(ExtensibilityGlobals) = postSolution
		SolutionGuid = {79830D0A-9806-45FF-B2BA-742C7494485B}
	EndGlobalSection
EndGlobal
